
Microsoft Visual Studio Solution File, Format Version 12.00
# Visual Studio Version 17
VisualStudioVersion = 17.5.33627.172
MinimumVisualStudioVersion = 10.0.40219.1
Project("{FAE04EC0-301F-11D3-BF4B-00C04F79EFBC}") = "AaronBookWebApplication", "AaronBookWebApplication.csproj", "{5B2CD1B5-8D31-48E9-B762-F830F9120EB8}"
EndProject
Global
	GlobalSection(SolutionConfigurationPlatforms) = preSolution
		Debug|Any CPU = Debug|Any CPU
		Release|Any CPU = Release|Any CPU
	EndGlobalSection
	GlobalSection(ProjectConfigurationPlatforms) = postSolution
		{5B2CD1B5-8D31-48E9-B762-F830F9120EB8}.Debug|Any CPU.ActiveCfg = Debug|Any CPU
		{5B2CD1B5-8D31-48E9-B762-F830F9120EB8}.Debug|Any CPU.Build.0 = Debug|Any CPU
		{5B2CD1B5-8D31-48E9-B762-F830F9120EB8}.Release|Any CPU.ActiveCfg = Release|Any CPU
		{5B2CD1B5-8D31-48E9-B762-F830F9120EB8}.Release|Any CPU.Build.0 = Release|Any CPU
	EndGlobalSection
	GlobalSection(SolutionProperties) = preSolution
		HideSolutionNode = FALSE
	EndGlobalSection
	GlobalSection(ExtensibilityGlobals) = postSolution
		SolutionGuid = {749BDAF9-F361-418E-B5B1-EE8C444AC9C5}
	EndGlobalSection
EndGlobal
